// !$*UTF8*$!
{
	archiveVersion = 1;
	classes = {
	};
	objectVersion = 48;
	objects = {

/* Begin PBXBuildFile section */
		D6EA80211FAE3E3800785007 /* AppDelegate.swift in Sources */ = {isa = PBXBuildFile; fileRef = D6EA80201FAE3E3800785007 /* AppDelegate.swift */; };
		D6EA80231FAE3E3800785007 /* ViewController.swift in Sources */ = {isa = PBXBuildFile; fileRef = D6EA80221FAE3E3800785007 /* ViewController.swift */; };
		D6EA80261FAE3E3800785007 /* Main.storyboard in Resources */ = {isa = PBXBuildFile; fileRef = D6EA80241FAE3E3800785007 /* Main.storyboard */; };
		D6EA80281FAE3E3800785007 /* Assets.xcassets in Resources */ = {isa = PBXBuildFile; fileRef = D6EA80271FAE3E3800785007 /* Assets.xcassets */; };
		D6EA802B1FAE3E3800785007 /* LaunchScreen.storyboard in Resources */ = {isa = PBXBuildFile; fileRef = D6EA80291FAE3E3800785007 /* LaunchScreen.storyboard */; };
		D6EA80361FAE3E3800785007 /* calculatorTests.swift in Sources */ = {isa = PBXBuildFile; fileRef = D6EA80351FAE3E3800785007 /* calculatorTests.swift */; };
		D6EA80411FAE3E3800785007 /* calculatorUITests.swift in Sources */ = {isa = PBXBuildFile; fileRef = D6EA80401FAE3E3800785007 /* calculatorUITests.swift */; };
/* End PBXBuildFile section */

/* Begin PBXContainerItemProxy section */
		D6EA80321FAE3E3800785007 /* PBXContainerItemProxy */ = {
			isa = PBXContainerItemProxy;
			containerPortal = D6EA80151FAE3E3800785007 /* Project object */;
			proxyType = 1;
			remoteGlobalIDString = D6EA801C1FAE3E3800785007;
			remoteInfo = calculator;
		};
		D6EA803D1FAE3E3800785007 /* PBXContainerItemProxy */ = {
			isa = PBXContainerItemProxy;
			containerPortal = D6EA80151FAE3E3800785007 /* Project object */;
			proxyType = 1;
			remoteGlobalIDString = D6EA801C1FAE3E3800785007;
			remoteInfo = calculator;
		};
/* End PBXContainerItemProxy section */

/* Begin PBXFileReference section */
		D6EA801D1FAE3E3800785007 /* calculator.app */ = {isa = PBXFileReference; explicitFileType = wrapper.application; includeInIndex = 0; path = calculator.app; sourceTree = BUILT_PRODUCTS_DIR; };
		D6EA80201FAE3E3800785007 /* AppDelegate.swift */ = {isa = PBXFileReference; lastKnownFileType = sourcecode.swift; path = AppDelegate.swift; sourceTree = "<group>"; };
		D6EA80221FAE3E3800785007 /* ViewController.swift */ = {isa = PBXFileReference; lastKnownFileType = sourcecode.swift; path = ViewController.swift; sourceTree = "<group>"; };
		D6EA80251FAE3E3800785007 /* Base */ = {isa = PBXFileReference; lastKnownFileType = file.storyboard; name = Base; path = Base.lproj/Main.storyboard; sourceTree = "<group>"; };
		D6EA80271FAE3E3800785007 /* Assets.xcassets */ = {isa = PBXFileReference; lastKnownFileType = folder.assetcatalog; path = Assets.xcassets; sourceTree = "<group>"; };
		D6EA802A1FAE3E3800785007 /* Base */ = {isa = PBXFileReference; lastKnownFileType = file.storyboard; name = Base; path = Base.lproj/LaunchScreen.storyboard; sourceTree = "<group>"; };
		D6EA802C1FAE3E3800785007 /* Info.plist */ = {isa = PBXFileReference; lastKnownFileType = text.plist.xml; path = Info.plist; sourceTree = "<group>"; };
		D6EA80311FAE3E3800785007 /* calculatorTests.xctest */ = {isa = PBXFileReference; explicitFileType = wrapper.cfbundle; includeInIndex = 0; path = calculatorTests.xctest; sourceTree = BUILT_PRODUCTS_DIR; };
		D6EA80351FAE3E3800785007 /* calculatorTests.swift */ = {isa = PBXFileReference; lastKnownFileType = sourcecode.swift; path = calculatorTests.swift; sourceTree = "<group>"; };
		D6EA80371FAE3E3800785007 /* Info.plist */ = {isa = PBXFileReference; lastKnownFileType = text.plist.xml; path = Info.plist; sourceTree = "<group>"; };
		D6EA803C1FAE3E3800785007 /* calculatorUITests.xctest */ = {isa = PBXFileReference; explicitFileType = wrapper.cfbundle; includeInIndex = 0; path = calculatorUITests.xctest; sourceTree = BUILT_PRODUCTS_DIR; };
		D6EA80401FAE3E3800785007 /* calculatorUITests.swift */ = {isa = PBXFileReference; lastKnownFileType = sourcecode.swift; path = calculatorUITests.swift; sourceTree = "<group>"; };
		D6EA80421FAE3E3800785007 /* Info.plist */ = {isa = PBXFileReference; lastKnownFileType = text.plist.xml; path = Info.plist; sourceTree = "<group>"; };
/* End PBXFileReference section */

/* Begin PBXFrameworksBuildPhase section */
		D6EA801A1FAE3E3800785007 /* Frameworks */ = {
			isa = PBXFrameworksBuildPhase;
			buildActionMask = 2147483647;
			files = (
			);
			runOnlyForDeploymentPostprocessing = 0;
		};
		D6EA802E1FAE3E3800785007 /* Frameworks */ = {
			isa = PBXFrameworksBuildPhase;
			buildActionMask = 2147483647;
			files = (
			);
			runOnlyForDeploymentPostprocessing = 0;
		};
		D6EA80391FAE3E3800785007 /* Frameworks */ = {
			isa = PBXFrameworksBuildPhase;
			buildActionMask = 2147483647;
			files = (
			);
			runOnlyForDeploymentPostprocessing = 0;
		};
/* End PBXFrameworksBuildPhase section */

/* Begin PBXGroup section */
		D6EA80141FAE3E3800785007 = {
			isa = PBXGroup;
			children = (
				D6EA801F1FAE3E3800785007 /* calculator */,
				D6EA80341FAE3E3800785007 /* calculatorTests */,
				D6EA803F1FAE3E3800785007 /* calculatorUITests */,
				D6EA801E1FAE3E3800785007 /* Products */,
			);
			sourceTree = "<group>";
		};
		D6EA801E1FAE3E3800785007 /* Products */ = {
			isa = PBXGroup;
			children = (
				D6EA801D1FAE3E3800785007 /* calculator.app */,
				D6EA80311FAE3E3800785007 /* calculatorTests.xctest */,
				D6EA803C1FAE3E3800785007 /* calculatorUITests.xctest */,
			);
			name = Products;
			sourceTree = "<group>";
		};
		D6EA801F1FAE3E3800785007 /* calculator */ = {
			isa = PBXGroup;
			children = (
				D6EA80201FAE3E3800785007 /* AppDelegate.swift */,
				D6EA80221FAE3E3800785007 /* ViewController.swift */,
				D6EA80241FAE3E3800785007 /* Main.storyboard */,
				D6EA80271FAE3E3800785007 /* Assets.xcassets */,
				D6EA80291FAE3E3800785007 /* LaunchScreen.storyboard */,
				D6EA802C1FAE3E3800785007 /* Info.plist */,
			);
			path = calculator;
			sourceTree = "<group>";
		};
		D6EA80341FAE3E3800785007 /* calculatorTests */ = {
			isa = PBXGroup;
			children = (
				D6EA80351FAE3E3800785007 /* calculatorTests.swift */,
				D6EA80371FAE3E3800785007 /* Info.plist */,
			);
			path = calculatorTests;
			sourceTree = "<group>";
		};
		D6EA803F1FAE3E3800785007 /* calculatorUITests */ = {
			isa = PBXGroup;
			children = (
				D6EA80401FAE3E3800785007 /* calculatorUITests.swift */,
				D6EA80421FAE3E3800785007 /* Info.plist */,
			);
			path = calculatorUITests;
			sourceTree = "<group>";
		};
/* End PBXGroup section */

/* Begin PBXNativeTarget section */
		D6EA801C1FAE3E3800785007 /* calculator */ = {
			isa = PBXNativeTarget;
			buildConfigurationList = D6EA80451FAE3E3800785007 /* Build configuration list for PBXNativeTarget "calculator" */;
			buildPhases = (
				D6EA80191FAE3E3800785007 /* Sources */,
				D6EA801A1FAE3E3800785007 /* Frameworks */,
				D6EA801B1FAE3E3800785007 /* Resources */,
			);
			buildRules = (
			);
			dependencies = (
			);
			name = calculator;
			productName = calculator;
			productReference = D6EA801D1FAE3E3800785007 /* calculator.app */;
			productType = "com.apple.product-type.application";
		};
		D6EA80301FAE3E3800785007 /* calculatorTests */ = {
			isa = PBXNativeTarget;
			buildConfigurationList = D6EA80481FAE3E3800785007 /* Build configuration list for PBXNativeTarget "calculatorTests" */;
			buildPhases = (
				D6EA802D1FAE3E3800785007 /* Sources */,
				D6EA802E1FAE3E3800785007 /* Frameworks */,
				D6EA802F1FAE3E3800785007 /* Resources */,
			);
			buildRules = (
			);
			dependencies = (
				D6EA80331FAE3E3800785007 /* PBXTargetDependency */,
			);
			name = calculatorTests;
			productName = calculatorTests;
			productReference = D6EA80311FAE3E3800785007 /* calculatorTests.xctest */;
			productType = "com.apple.product-type.bundle.unit-test";
		};
		D6EA803B1FAE3E3800785007 /* calculatorUITests */ = {
			isa = PBXNativeTarget;
			buildConfigurationList = D6EA804B1FAE3E3800785007 /* Build configuration list for PBXNativeTarget "calculatorUITests" */;
			buildPhases = (
				D6EA80381FAE3E3800785007 /* Sources */,
				D6EA80391FAE3E3800785007 /* Frameworks */,
				D6EA803A1FAE3E3800785007 /* Resources */,
			);
			buildRules = (
			);
			dependencies = (
				D6EA803E1FAE3E3800785007 /* PBXTargetDependency */,
			);
			name = calculatorUITests;
			productName = calculatorUITests;
			productReference = D6EA803C1FAE3E3800785007 /* calculatorUITests.xctest */;
			productType = "com.apple.product-type.bundle.ui-testing";
		};
/* End PBXNativeTarget section */

/* Begin PBXProject section */
		D6EA80151FAE3E3800785007 /* Project object */ = {
			isa = PBXProject;
			attributes = {
				LastSwiftUpdateCheck = 0910;
				LastUpgradeCheck = 0910;
				ORGANIZATIONNAME = "Danny Moon";
				TargetAttributes = {
					D6EA801C1FAE3E3800785007 = {
						CreatedOnToolsVersion = 9.1;
						ProvisioningStyle = Automatic;
					};
					D6EA80301FAE3E3800785007 = {
						CreatedOnToolsVersion = 9.1;
						ProvisioningStyle = Automatic;
						TestTargetID = D6EA801C1FAE3E3800785007;
					};
					D6EA803B1FAE3E3800785007 = {
						CreatedOnToolsVersion = 9.1;
						ProvisioningStyle = Automatic;
						TestTargetID = D6EA801C1FAE3E3800785007;
					};
				};
			};
			buildConfigurationList = D6EA80181FAE3E3800785007 /* Build configuration list for PBXProject "calculator" */;
			compatibilityVersion = "Xcode 8.0";
			developmentRegion = en;
			hasScannedForEncodings = 0;
			knownRegions = (
				en,
				Base,
			);
			mainGroup = D6EA80141FAE3E3800785007;
			productRefGroup = D6EA801E1FAE3E3800785007 /* Products */;
			projectDirPath = "";
			projectRoot = "";
			targets = (
				D6EA801C1FAE3E3800785007 /* calculator */,
				D6EA80301FAE3E3800785007 /* calculatorTests */,
				D6EA803B1FAE3E3800785007 /* calculatorUITests */,
			);
		};
/* End PBXProject section */

/* Begin PBXResourcesBuildPhase section */
		D6EA801B1FAE3E3800785007 /* Resources */ = {
			isa = PBXResourcesBuildPhase;
			buildActionMask = 2147483647;
			files = (
				D6EA802B1FAE3E3800785007 /* LaunchScreen.storyboard in Resources */,
				D6EA80281FAE3E3800785007 /* Assets.xcassets in Resources */,
				D6EA80261FAE3E3800785007 /* Main.storyboard in Resources */,
			);
			runOnlyForDeploymentPostprocessing = 0;
		};
		D6EA802F1FAE3E3800785007 /* Resources */ = {
			isa = PBXResourcesBuildPhase;
			buildActionMask = 2147483647;
			files = (
			);
			runOnlyForDeploymentPostprocessing = 0;
		};
		D6EA803A1FAE3E3800785007 /* Resources */ = {
			isa = PBXResourcesBuildPhase;
			buildActionMask = 2147483647;
			files = (
			);
			runOnlyForDeploymentPostprocessing = 0;
		};
/* End PBXResourcesBuildPhase section */

/* Begin PBXSourcesBuildPhase section */
		D6EA80191FAE3E3800785007 /* Sources */ = {
			isa = PBXSourcesBuildPhase;
			buildActionMask = 2147483647;
			files = (
				D6EA80231FAE3E3800785007 /* ViewController.swift in Sources */,
				D6EA80211FAE3E3800785007 /* AppDelegate.swift in Sources */,
			);
			runOnlyForDeploymentPostprocessing = 0;
		};
		D6EA802D1FAE3E3800785007 /* Sources */ = {
			isa = PBXSourcesBuildPhase;
			buildActionMask = 2147483647;
			files = (
				D6EA80361FAE3E3800785007 /* calculatorTests.swift in Sources */,
			);
			runOnlyForDeploymentPostprocessing = 0;
		};
		D6EA80381FAE3E3800785007 /* Sources */ = {
			isa = PBXSourcesBuildPhase;
			buildActionMask = 2147483647;
			files = (
				D6EA80411FAE3E3800785007 /* calculatorUITests.swift in Sources */,
			);
			runOnlyForDeploymentPostprocessing = 0;
		};
/* End PBXSourcesBuildPhase section */

/* Begin PBXTargetDependency section */
		D6EA80331FAE3E3800785007 /* PBXTargetDependency */ = {
			isa = PBXTargetDependency;
			target = D6EA801C1FAE3E3800785007 /* calculator */;
			targetProxy = D6EA80321FAE3E3800785007 /* PBXContainerItemProxy */;
		};
		D6EA803E1FAE3E3800785007 /* PBXTargetDependency */ = {
			isa = PBXTargetDependency;
			target = D6EA801C1FAE3E3800785007 /* calculator */;
			targetProxy = D6EA803D1FAE3E3800785007 /* PBXContainerItemProxy */;
		};
/* End PBXTargetDependency section */

/* Begin PBXVariantGroup section */
		D6EA80241FAE3E3800785007 /* Main.storyboard */ = {
			isa = PBXVariantGroup;
			children = (
				D6EA80251FAE3E3800785007 /* Base */,
			);
			name = Main.storyboard;
			sourceTree = "<group>";
		};
		D6EA80291FAE3E3800785007 /* LaunchScreen.storyboard */ = {
			isa = PBXVariantGroup;
			children = (
				D6EA802A1FAE3E3800785007 /* Base */,
			);
			name = LaunchScreen.storyboard;
			sourceTree = "<group>";
		};
/* End PBXVariantGroup section */

/* Begin XCBuildConfiguration section */
		D6EA80431FAE3E3800785007 /* Debug */ = {
			isa = XCBuildConfiguration;
			buildSettings = {
				ALWAYS_SEARCH_USER_PATHS = NO;
				CLANG_ANALYZER_NONNULL = YES;
				CLANG_ANALYZER_NUMBER_OBJECT_CONVERSION = YES_AGGRESSIVE;
				CLANG_CXX_LANGUAGE_STANDARD = "gnu++14";
				CLANG_CXX_LIBRARY = "libc++";
				CLANG_ENABLE_MODULES = YES;
				CLANG_ENABLE_OBJC_ARC = YES;
				CLANG_WARN_BLOCK_CAPTURE_AUTORELEASING = YES;
				CLANG_WARN_BOOL_CONVERSION = YES;
				CLANG_WARN_COMMA = YES;
				CLANG_WARN_CONSTANT_CONVERSION = YES;
				CLANG_WARN_DIRECT_OBJC_ISA_USAGE = YES_ERROR;
				CLANG_WARN_DOCUMENTATION_COMMENTS = YES;
				CLANG_WARN_EMPTY_BODY = YES;
				CLANG_WARN_ENUM_CONVERSION = YES;
				CLANG_WARN_INFINITE_RECURSION = YES;
				CLANG_WARN_INT_CONVERSION = YES;
				CLANG_WARN_NON_LITERAL_NULL_CONVERSION = YES;
				CLANG_WARN_OBJC_LITERAL_CONVERSION = YES;
				CLANG_WARN_OBJC_ROOT_CLASS = YES_ERROR;
				CLANG_WARN_RANGE_LOOP_ANALYSIS = YES;
				CLANG_WARN_STRICT_PROTOTYPES = YES;
				CLANG_WARN_SUSPICIOUS_MOVE = YES;
				CLANG_WARN_UNGUARDED_AVAILABILITY = YES_AGGRESSIVE;
				CLANG_WARN_UNREACHABLE_CODE = YES;
				CLANG_WARN__DUPLICATE_METHOD_MATCH = YES;
				CODE_SIGN_IDENTITY = "iPhone Developer";
				COPY_PHASE_STRIP = NO;
				DEBUG_INFORMATION_FORMAT = dwarf;
				ENABLE_STRICT_OBJC_MSGSEND = YES;
				ENABLE_TESTABILITY = YES;
				GCC_C_LANGUAGE_STANDARD = gnu11;
				GCC_DYNAMIC_NO_PIC = NO;
				GCC_NO_COMMON_BLOCKS = YES;
				GCC_OPTIMIZATION_LEVEL = 0;
				GCC_PREPROCESSOR_DEFINITIONS = (
					"DEBUG=1",
					"$(inherited)",
				);
				GCC_WARN_64_TO_32_BIT_CONVERSION = YES;
				GCC_WARN_ABOUT_RETURN_TYPE = YES_ERROR;
				GCC_WARN_UNDECLARED_SELECTOR = YES;
				GCC_WARN_UNINITIALIZED_AUTOS = YES_AGGRESSIVE;
				GCC_WARN_UNUSED_FUNCTION = YES;
				GCC_WARN_UNUSED_VARIABLE = YES;
				IPHONEOS_DEPLOYMENT_TARGET = 11.1;
				MTL_ENABLE_DEBUG_INFO = YES;
				ONLY_ACTIVE_ARCH = YES;
				SDKROOT = iphoneos;
				SWIFT_ACTIVE_COMPILATION_CONDITIONS = DEBUG;
				SWIFT_OPTIMIZATION_LEVEL = "-Onone";
			};
			name = Debug;
		};
		D6EA80441FAE3E3800785007 /* Release */ = {
			isa = XCBuildConfiguration;
			buildSettings = {
				ALWAYS_SEARCH_USER_PATHS = NO;
				CLANG_ANALYZER_NONNULL = YES;
				CLANG_ANALYZER_NUMBER_OBJECT_CONVERSION = YES_AGGRESSIVE;
				CLANG_CXX_LANGUAGE_STANDARD = "gnu++14";
				CLANG_CXX_LIBRARY = "libc++";
				CLANG_ENABLE_MODULES = YES;
				CLANG_ENABLE_OBJC_ARC = YES;
				CLANG_WARN_BLOCK_CAPTURE_AUTORELEASING = YES;
				CLANG_WARN_BOOL_CONVERSION = YES;
				CLANG_WARN_COMMA = YES;
				CLANG_WARN_CONSTANT_CONVERSION = YES;
				CLANG_WARN_DIRECT_OBJC_ISA_USAGE = YES_ERROR;
				CLANG_WARN_DOCUMENTATION_COMMENTS = YES;
				CLANG_WARN_EMPTY_BODY = YES;
				CLANG_WARN_ENUM_CONVERSION = YES;
				CLANG_WARN_INFINITE_RECURSION = YES;
				CLANG_WARN_INT_CONVERSION = YES;
				CLANG_WARN_NON_LITERAL_NULL_CONVERSION = YES;
				CLANG_WARN_OBJC_LITERAL_CONVERSION = YES;
				CLANG_WARN_OBJC_ROOT_CLASS = YES_ERROR;
				CLANG_WARN_RANGE_LOOP_ANALYSIS = YES;
				CLANG_WARN_STRICT_PROTOTYPES = YES;
				CLANG_WARN_SUSPICIOUS_MOVE = YES;
				CLANG_WARN_UNGUARDED_AVAILABILITY = YES_AGGRESSIVE;
				CLANG_WARN_UNREACHABLE_CODE = YES;
				CLANG_WARN__DUPLICATE_METHOD_MATCH = YES;
				CODE_SIGN_IDENTITY = "iPhone Developer";
				COPY_PHASE_STRIP = NO;
				DEBUG_INFORMATION_FORMAT = "dwarf-with-dsym";
				ENABLE_NS_ASSERTIONS = NO;
				ENABLE_STRICT_OBJC_MSGSEND = YES;
				GCC_C_LANGUAGE_STANDARD = gnu11;
				GCC_NO_COMMON_BLOCKS = YES;
				GCC_WARN_64_TO_32_BIT_CONVERSION = YES;
				GCC_WARN_ABOUT_RETURN_TYPE = YES_ERROR;
				GCC_WARN_UNDECLARED_SELECTOR = YES;
				GCC_WARN_UNINITIALIZED_AUTOS = YES_AGGRESSIVE;
				GCC_WARN_UNUSED_FUNCTION = YES;
				GCC_WARN_UNUSED_VARIABLE = YES;
				IPHONEOS_DEPLOYMENT_TARGET = 11.1;
				MTL_ENABLE_DEBUG_INFO = NO;
				SDKROOT = iphoneos;
				SWIFT_OPTIMIZATION_LEVEL = "-Owholemodule";
				VALIDATE_PRODUCT = YES;
			};
			name = Release;
		};
		D6EA80461FAE3E3800785007 /* Debug */ = {
			isa = XCBuildConfiguration;
			buildSettings = {
				ASSETCATALOG_COMPILER_APPICON_NAME = AppIcon;
				CODE_SIGN_STYLE = Automatic;
				DEVELOPMENT_TEAM = NB72D9XZRV;
				INFOPLIST_FILE = calculator/Info.plist;
				LD_RUNPATH_SEARCH_PATHS = "$(inherited) @executable_path/Frameworks";
				PRODUCT_BUNDLE_IDENTIFIER = danny.moon.calculator;
				PRODUCT_NAME = "$(TARGET_NAME)";
				SWIFT_VERSION = 4.0;
				TARGETED_DEVICE_FAMILY = "1,2";
			};
			name = Debug;
		};
		D6EA80471FAE3E3800785007 /* Release */ = {
			isa = XCBuildConfiguration;
			buildSettings = {
				ASSETCATALOG_COMPILER_APPICON_NAME = AppIcon;
				CODE_SIGN_STYLE = Automatic;
				DEVELOPMENT_TEAM = NB72D9XZRV;
				INFOPLIST_FILE = calculator/Info.plist;
				LD_RUNPATH_SEARCH_PATHS = "$(inherited) @executable_path/Frameworks";
				PRODUCT_BUNDLE_IDENTIFIER = danny.moon.calculator;
				PRODUCT_NAME = "$(TARGET_NAME)";
				SWIFT_VERSION = 4.0;
				TARGETED_DEVICE_FAMILY = "1,2";
			};
			name = Release;
		};
		D6EA80491FAE3E3800785007 /* Debug */ = {
			isa = XCBuildConfiguration;
			buildSettings = {
				ALWAYS_EMBED_SWIFT_STANDARD_LIBRARIES = YES;
				BUNDLE_LOADER = "$(TEST_HOST)";
				CODE_SIGN_STYLE = Automatic;
				INFOPLIST_FILE = calculatorTests/Info.plist;
				LD_RUNPATH_SEARCH_PATHS = "$(inherited) @executable_path/Frameworks @loader_path/Frameworks";
				PRODUCT_BUNDLE_IDENTIFIER = danny.moon.calculatorTests;
				PRODUCT_NAME = "$(TARGET_NAME)";
				SWIFT_VERSION = 4.0;
				TARGETED_DEVICE_FAMILY = "1,2";
				TEST_HOST = "$(BUILT_PRODUCTS_DIR)/calculator.app/calculator";
			};
			name = Debug;
		};
		D6EA804A1FAE3E3800785007 /* Release */ = {
			isa = XCBuildConfiguration;
			buildSettings = {
				ALWAYS_EMBED_SWIFT_STANDARD_LIBRARIES = YES;
				BUNDLE_LOADER = "$(TEST_HOST)";
				CODE_SIGN_STYLE = Automatic;
				INFOPLIST_FILE = calculatorTests/Info.plist;
				LD_RUNPATH_SEARCH_PATHS = "$(inherited) @executable_path/Frameworks @loader_path/Frameworks";
				PRODUCT_BUNDLE_IDENTIFIER = danny.moon.calculatorTests;
				PRODUCT_NAME = "$(TARGET_NAME)";
				SWIFT_VERSION = 4.0;
				TARGETED_DEVICE_FAMILY = "1,2";
				TEST_HOST = "$(BUILT_PRODUCTS_DIR)/calculator.app/calculator";
			};
			name = Release;
		};
		D6EA804C1FAE3E3800785007 /* Debug */ = {
			isa = XCBuildConfiguration;
			buildSettings = {
				ALWAYS_EMBED_SWIFT_STANDARD_LIBRARIES = YES;
				CODE_SIGN_STYLE = Automatic;
				INFOPLIST_FILE = calculatorUITests/Info.plist;
				LD_RUNPATH_SEARCH_PATHS = "$(inherited) @executable_path/Frameworks @loader_path/Frameworks";
				PRODUCT_BUNDLE_IDENTIFIER = danny.moon.calculatorUITests;
				PRODUCT_NAME = "$(TARGET_NAME)";
				SWIFT_VERSION = 4.0;
				TARGETED_DEVICE_FAMILY = "1,2";
				TEST_TARGET_NAME = calculator;
			};
			name = Debug;
		};
		D6EA804D1FAE3E3800785007 /* Release */ = {
			isa = XCBuildConfiguration;
			buildSettings = {
				ALWAYS_EMBED_SWIFT_STANDARD_LIBRARIES = YES;
				CODE_SIGN_STYLE = Automatic;
				INFOPLIST_FILE = calculatorUITests/Info.plist;
				LD_RUNPATH_SEARCH_PATHS = "$(inherited) @executable_path/Frameworks @loader_path/Frameworks";
				PRODUCT_BUNDLE_IDENTIFIER = danny.moon.calculatorUITests;
				PRODUCT_NAME = "$(TARGET_NAME)";
				SWIFT_VERSION = 4.0;
				TARGETED_DEVICE_FAMILY = "1,2";
				TEST_TARGET_NAME = calculator;
			};
			name = Release;
		};
/* End XCBuildConfiguration section */

/* Begin XCConfigurationList section */
		D6EA80181FAE3E3800785007 /* Build configuration list for PBXProject "calculator" */ = {
			isa = XCConfigurationList;
			buildConfigurations = (
				D6EA80431FAE3E3800785007 /* Debug */,
				D6EA80441FAE3E3800785007 /* Release */,
			);
			defaultConfigurationIsVisible = 0;
			defaultConfigurationName = Release;
		};
		D6EA80451FAE3E3800785007 /* Build configuration list for PBXNativeTarget "calculator" */ = {
			isa = XCConfigurationList;
			buildConfigurations = (
				D6EA80461FAE3E3800785007 /* Debug */,
				D6EA80471FAE3E3800785007 /* Release */,
			);
			defaultConfigurationIsVisible = 0;
			defaultConfigurationName = Release;
		};
		D6EA80481FAE3E3800785007 /* Build configuration list for PBXNativeTarget "calculatorTests" */ = {
			isa = XCConfigurationList;
			buildConfigurations = (
				D6EA80491FAE3E3800785007 /* Debug */,
				D6EA804A1FAE3E3800785007 /* Release */,
			);
			defaultConfigurationIsVisible = 0;
			defaultConfigurationName = Release;
		};
		D6EA804B1FAE3E3800785007 /* Build configuration list for PBXNativeTarget "calculatorUITests" */ = {
			isa = XCConfigurationList;
			buildConfigurations = (
				D6EA804C1FAE3E3800785007 /* Debug */,
				D6EA804D1FAE3E3800785007 /* Release */,
			);
			defaultConfigurationIsVisible = 0;
			defaultConfigurationName = Release;
		};
/* End XCConfigurationList section */
	};
	rootObject = D6EA80151FAE3E3800785007 /* Project object */;
}
